
Microsoft Visual Studio Solution File, Format Version 12.00
# Visual Studio Version 16
VisualStudioVersion = 16.0.30804.86
MinimumVisualStudioVersion = 10.0.40219.1
Project("{2150E333-8FDC-42A3-9474-1A3956D46DE8}") = "Solution Items", "Solution Items", "{5CFACB45-F1C2-4A27-9E0F-A6E361A2DD2A}"
EndProject
Project("{2150E333-8FDC-42A3-9474-1A3956D46DE8}") = "src", "src", "{03BB18DE-6AAD-4DC4-BC2F-1A85EB859B64}"
EndProject
Project("{2150E333-8FDC-42A3-9474-1A3956D46DE8}") = "test", "test", "{897D7FBA-0ADC-4752-AFF2-D6653B7B5FFE}"
EndProject
Project("{2150E333-8FDC-42A3-9474-1A3956D46DE8}") = "User", "User", "{059FB3E1-3684-4796-A507-006CC81522CC}"
EndProject
Project("{9A19103F-16F7-4668-BE54-9A1E7A4F7556}") = "GetOutside.User.Domain", "GetOutside.Domain\GetOutside.User.Domain.csproj", "{6E09AFE3-1DC1-4326-A3EE-A59BF6B4B742}"
EndProject
Project("{9A19103F-16F7-4668-BE54-9A1E7A4F7556}") = "GetOutside.User.API", "GetOutside.User.API\GetOutside.User.API.csproj", "{0909ADDF-7B1D-41F5-9019-3692E22E7E70}"
EndProject
Project("{9A19103F-16F7-4668-BE54-9A1E7A4F7556}") = "GetOutside.User.Repository", "GetOutside.User.Repository\GetOutside.User.Repository.csproj", "{F3A601E8-B7BB-4526-BB73-C21974812C1C}"
EndProject
Project("{FAE04EC0-301F-11D3-BF4B-00C04F79EFBC}") = "GetOutside.User.Service", "GetOutside.User.Service\GetOutside.User.Service.csproj", "{4BEC6453-EF2E-4A87-8B47-FEF769BC5EAD}"
EndProject
Project("{FAE04EC0-301F-11D3-BF4B-00C04F79EFBC}") = "GetOutside.Core", "GetOutside.Core\GetOutside.Core.csproj", "{D8B97FD8-951C-4790-8553-3C569A6550F6}"
EndProject
Global
	GlobalSection(SolutionConfigurationPlatforms) = preSolution
		Debug|Any CPU = Debug|Any CPU
		Release|Any CPU = Release|Any CPU
	EndGlobalSection
	GlobalSection(ProjectConfigurationPlatforms) = postSolution
		{6E09AFE3-1DC1-4326-A3EE-A59BF6B4B742}.Debug|Any CPU.ActiveCfg = Debug|Any CPU
		{6E09AFE3-1DC1-4326-A3EE-A59BF6B4B742}.Debug|Any CPU.Build.0 = Debug|Any CPU
		{6E09AFE3-1DC1-4326-A3EE-A59BF6B4B742}.Release|Any CPU.ActiveCfg = Release|Any CPU
		{6E09AFE3-1DC1-4326-A3EE-A59BF6B4B742}.Release|Any CPU.Build.0 = Release|Any CPU
		{0909ADDF-7B1D-41F5-9019-3692E22E7E70}.Debug|Any CPU.ActiveCfg = Debug|Any CPU
		{0909ADDF-7B1D-41F5-9019-3692E22E7E70}.Debug|Any CPU.Build.0 = Debug|Any CPU
		{0909ADDF-7B1D-41F5-9019-3692E22E7E70}.Release|Any CPU.ActiveCfg = Release|Any CPU
		{0909ADDF-7B1D-41F5-9019-3692E22E7E70}.Release|Any CPU.Build.0 = Release|Any CPU
		{F3A601E8-B7BB-4526-BB73-C21974812C1C}.Debug|Any CPU.ActiveCfg = Debug|Any CPU
		{F3A601E8-B7BB-4526-BB73-C21974812C1C}.Debug|Any CPU.Build.0 = Debug|Any CPU
		{F3A601E8-B7BB-4526-BB73-C21974812C1C}.Release|Any CPU.ActiveCfg = Release|Any CPU
		{F3A601E8-B7BB-4526-BB73-C21974812C1C}.Release|Any CPU.Build.0 = Release|Any CPU
		{4BEC6453-EF2E-4A87-8B47-FEF769BC5EAD}.Debug|Any CPU.ActiveCfg = Debug|Any CPU
		{4BEC6453-EF2E-4A87-8B47-FEF769BC5EAD}.Debug|Any CPU.Build.0 = Debug|Any CPU
		{4BEC6453-EF2E-4A87-8B47-FEF769BC5EAD}.Release|Any CPU.ActiveCfg = Release|Any CPU
		{4BEC6453-EF2E-4A87-8B47-FEF769BC5EAD}.Release|Any CPU.Build.0 = Release|Any CPU
		{D8B97FD8-951C-4790-8553-3C569A6550F6}.Debug|Any CPU.ActiveCfg = Debug|Any CPU
		{D8B97FD8-951C-4790-8553-3C569A6550F6}.Debug|Any CPU.Build.0 = Debug|Any CPU
		{D8B97FD8-951C-4790-8553-3C569A6550F6}.Release|Any CPU.ActiveCfg = Release|Any CPU
		{D8B97FD8-951C-4790-8553-3C569A6550F6}.Release|Any CPU.Build.0 = Release|Any CPU
	EndGlobalSection
	GlobalSection(SolutionProperties) = preSolution
		HideSolutionNode = FALSE
	EndGlobalSection
	GlobalSection(NestedProjects) = preSolution
		{059FB3E1-3684-4796-A507-006CC81522CC} = {03BB18DE-6AAD-4DC4-BC2F-1A85EB859B64}
		{6E09AFE3-1DC1-4326-A3EE-A59BF6B4B742} = {059FB3E1-3684-4796-A507-006CC81522CC}
		{0909ADDF-7B1D-41F5-9019-3692E22E7E70} = {059FB3E1-3684-4796-A507-006CC81522CC}
		{F3A601E8-B7BB-4526-BB73-C21974812C1C} = {059FB3E1-3684-4796-A507-006CC81522CC}
		{4BEC6453-EF2E-4A87-8B47-FEF769BC5EAD} = {059FB3E1-3684-4796-A507-006CC81522CC}
		{D8B97FD8-951C-4790-8553-3C569A6550F6} = {5CFACB45-F1C2-4A27-9E0F-A6E361A2DD2A}
	EndGlobalSection
	GlobalSection(ExtensibilityGlobals) = postSolution
		SolutionGuid = {502BC5CC-0AC2-4F96-911B-E5BB467F94A6}
	EndGlobalSection
EndGlobal
